
Microsoft Visual Studio Solution File, Format Version 12.00
# Visual Studio Version 17
VisualStudioVersion = 17.14.36301.6 d17.14
MinimumVisualStudioVersion = 10.0.40219.1
Project("{FAE04EC0-301F-11D3-BF4B-00C04F79EFBC}") = "MyWebApplication", "MyWebApplication\MyWebApplication.csproj", "{F06F8E23-86C5-4CFE-83C5-65DA72605063}"
EndProject
Global
	GlobalSection(SolutionConfigurationPlatforms) = preSolution
		Debug|Any CPU = Debug|Any CPU
		Release|Any CPU = Release|Any CPU
	EndGlobalSection
	GlobalSection(ProjectConfigurationPlatforms) = postSolution
		{F06F8E23-86C5-4CFE-83C5-65DA72605063}.Debug|Any CPU.ActiveCfg = Debug|Any CPU
		{F06F8E23-86C5-4CFE-83C5-65DA72605063}.Debug|Any CPU.Build.0 = Debug|Any CPU
		{F06F8E23-86C5-4CFE-83C5-65DA72605063}.Release|Any CPU.ActiveCfg = Release|Any CPU
		{F06F8E23-86C5-4CFE-83C5-65DA72605063}.Release|Any CPU.Build.0 = Release|Any CPU
	EndGlobalSection
	GlobalSection(SolutionProperties) = preSolution
		HideSolutionNode = FALSE
	EndGlobalSection
	GlobalSection(ExtensibilityGlobals) = postSolution
		SolutionGuid = {C7D3C708-9601-4CEB-B651-97342E532D8B}
	EndGlobalSection
EndGlobal
